
Microsoft Visual Studio Solution File, Format Version 12.00
# Visual Studio Version 17
VisualStudioVersion = 17.7.34221.43
MinimumVisualStudioVersion = 10.0.40219.1
Project("{FAE04EC0-301F-11D3-BF4B-00C04F79EFBC}") = "WebAcme", "WebAcme\WebAcme.csproj", "{B2A09A56-2C2C-481F-9408-BC9784D33A25}"
EndProject
Project("{FAE04EC0-301F-11D3-BF4B-00C04F79EFBC}") = "Entities", "Entities\Entities.csproj", "{0B491654-6C78-489B-8FDD-62A82CFDF079}"
EndProject
Global
	GlobalSection(SolutionConfigurationPlatforms) = preSolution
		Debug|Any CPU = Debug|Any CPU
		Release|Any CPU = Release|Any CPU
	EndGlobalSection
	GlobalSection(ProjectConfigurationPlatforms) = postSolution
		{B2A09A56-2C2C-481F-9408-BC9784D33A25}.Debug|Any CPU.ActiveCfg = Debug|Any CPU
		{B2A09A56-2C2C-481F-9408-BC9784D33A25}.Debug|Any CPU.Build.0 = Debug|Any CPU
		{B2A09A56-2C2C-481F-9408-BC9784D33A25}.Release|Any CPU.ActiveCfg = Release|Any CPU
		{B2A09A56-2C2C-481F-9408-BC9784D33A25}.Release|Any CPU.Build.0 = Release|Any CPU
		{0B491654-6C78-489B-8FDD-62A82CFDF079}.Debug|Any CPU.ActiveCfg = Debug|Any CPU
		{0B491654-6C78-489B-8FDD-62A82CFDF079}.Debug|Any CPU.Build.0 = Debug|Any CPU
		{0B491654-6C78-489B-8FDD-62A82CFDF079}.Release|Any CPU.ActiveCfg = Release|Any CPU
		{0B491654-6C78-489B-8FDD-62A82CFDF079}.Release|Any CPU.Build.0 = Release|Any CPU
	EndGlobalSection
	GlobalSection(SolutionProperties) = preSolution
		HideSolutionNode = FALSE
	EndGlobalSection
	GlobalSection(ExtensibilityGlobals) = postSolution
		SolutionGuid = {80B120F0-E52E-4D6D-A0A2-4BA01265DBEA}
	EndGlobalSection
EndGlobal
